// !$*UTF8*$!
{
	archiveVersion = 1;
	classes = {
	};
	objectVersion = 50;
	objects = {

/* Begin PBXBuildFile section */
		4CD4EB962195D59200373361 /* AppDelegate.swift in Sources */ = {isa = PBXBuildFile; fileRef = 4CD4EB952195D59200373361 /* AppDelegate.swift */; };
		4CD4EB982195D59200373361 /* ViewController.swift in Sources */ = {isa = PBXBuildFile; fileRef = 4CD4EB972195D59200373361 /* ViewController.swift */; };
		4CD4EB9B2195D59200373361 /* Main.storyboard in Resources */ = {isa = PBXBuildFile; fileRef = 4CD4EB992195D59200373361 /* Main.storyboard */; };
		4CD4EB9D2195D59500373361 /* Assets.xcassets in Resources */ = {isa = PBXBuildFile; fileRef = 4CD4EB9C2195D59500373361 /* Assets.xcassets */; };
		4CD4EBA02195D59500373361 /* LaunchScreen.storyboard in Resources */ = {isa = PBXBuildFile; fileRef = 4CD4EB9E2195D59500373361 /* LaunchScreen.storyboard */; };
		FE0D6DCA3C314D5E3304BE3A /* Pods_TestFBSDKLOGIN.framework in Frameworks */ = {isa = PBXBuildFile; fileRef = 7E95E3AE90E101E4E93A9321 /* Pods_TestFBSDKLOGIN.framework */; };
/* End PBXBuildFile section */

/* Begin PBXFileReference section */
		4CD4EB922195D59200373361 /* TestFBSDKLOGIN.app */ = {isa = PBXFileReference; explicitFileType = wrapper.application; includeInIndex = 0; path = TestFBSDKLOGIN.app; sourceTree = BUILT_PRODUCTS_DIR; };
		4CD4EB952195D59200373361 /* AppDelegate.swift */ = {isa = PBXFileReference; lastKnownFileType = sourcecode.swift; path = AppDelegate.swift; sourceTree = "<group>"; };
		4CD4EB972195D59200373361 /* ViewController.swift */ = {isa = PBXFileReference; lastKnownFileType = sourcecode.swift; path = ViewController.swift; sourceTree = "<group>"; };
		4CD4EB9A2195D59200373361 /* Base */ = {isa = PBXFileReference; lastKnownFileType = file.storyboard; name = Base; path = Base.lproj/Main.storyboard; sourceTree = "<group>"; };
		4CD4EB9C2195D59500373361 /* Assets.xcassets */ = {isa = PBXFileReference; lastKnownFileType = folder.assetcatalog; path = Assets.xcassets; sourceTree = "<group>"; };
		4CD4EB9F2195D59500373361 /* Base */ = {isa = PBXFileReference; lastKnownFileType = file.storyboard; name = Base; path = Base.lproj/LaunchScreen.storyboard; sourceTree = "<group>"; };
		4CD4EBA12195D59500373361 /* Info.plist */ = {isa = PBXFileReference; lastKnownFileType = text.plist.xml; path = Info.plist; sourceTree = "<group>"; };
		70D30E4557B1243506480003 /* Pods-TestFBSDKLOGIN.debug.xcconfig */ = {isa = PBXFileReference; includeInIndex = 1; lastKnownFileType = text.xcconfig; name = "Pods-TestFBSDKLOGIN.debug.xcconfig"; path = "Pods/Target Support Files/Pods-TestFBSDKLOGIN/Pods-TestFBSDKLOGIN.debug.xcconfig"; sourceTree = "<group>"; };
		7E95E3AE90E101E4E93A9321 /* Pods_TestFBSDKLOGIN.framework */ = {isa = PBXFileReference; explicitFileType = wrapper.framework; includeInIndex = 0; path = Pods_TestFBSDKLOGIN.framework; sourceTree = BUILT_PRODUCTS_DIR; };
		C2F35D240A04C5894A0A6D76 /* Pods-TestFBSDKLOGIN.release.xcconfig */ = {isa = PBXFileReference; includeInIndex = 1; lastKnownFileType = text.xcconfig; name = "Pods-TestFBSDKLOGIN.release.xcconfig"; path = "Pods/Target Support Files/Pods-TestFBSDKLOGIN/Pods-TestFBSDKLOGIN.release.xcconfig"; sourceTree = "<group>"; };
/* End PBXFileReference section */

/* Begin PBXFrameworksBuildPhase section */
		4CD4EB8F2195D59200373361 /* Frameworks */ = {
			isa = PBXFrameworksBuildPhase;
			buildActionMask = 2147483647;
			files = (
				FE0D6DCA3C314D5E3304BE3A /* Pods_TestFBSDKLOGIN.framework in Frameworks */,
			);
			runOnlyForDeploymentPostprocessing = 0;
		};
/* End PBXFrameworksBuildPhase section */

/* Begin PBXGroup section */
		488488F75FFB883574132BBA /* Frameworks */ = {
			isa = PBXGroup;
			children = (
				7E95E3AE90E101E4E93A9321 /* Pods_TestFBSDKLOGIN.framework */,
			);
			name = Frameworks;
			sourceTree = "<group>";
		};
		4CD4EB892195D59200373361 = {
			isa = PBXGroup;
			children = (
				4CD4EB942195D59200373361 /* TestFBSDKLOGIN */,
				4CD4EB932195D59200373361 /* Products */,
				F403600003090A56E4DD3AA0 /* Pods */,
				488488F75FFB883574132BBA /* Frameworks */,
			);
			sourceTree = "<group>";
		};
		4CD4EB932195D59200373361 /* Products */ = {
			isa = PBXGroup;
			children = (
				4CD4EB922195D59200373361 /* TestFBSDKLOGIN.app */,
			);
			name = Products;
			sourceTree = "<group>";
		};
		4CD4EB942195D59200373361 /* TestFBSDKLOGIN */ = {
			isa = PBXGroup;
			children = (
				4CD4EB952195D59200373361 /* AppDelegate.swift */,
				4CD4EB972195D59200373361 /* ViewController.swift */,
				4CD4EB992195D59200373361 /* Main.storyboard */,
				4CD4EB9C2195D59500373361 /* Assets.xcassets */,
				4CD4EB9E2195D59500373361 /* LaunchScreen.storyboard */,
				4CD4EBA12195D59500373361 /* Info.plist */,
			);
			path = TestFBSDKLOGIN;
			sourceTree = "<group>";
		};
		F403600003090A56E4DD3AA0 /* Pods */ = {
			isa = PBXGroup;
			children = (
				70D30E4557B1243506480003 /* Pods-TestFBSDKLOGIN.debug.xcconfig */,
				C2F35D240A04C5894A0A6D76 /* Pods-TestFBSDKLOGIN.release.xcconfig */,
			);
			name = Pods;
			sourceTree = "<group>";
		};
/* End PBXGroup section */

/* Begin PBXNativeTarget section */
		4CD4EB912195D59200373361 /* TestFBSDKLOGIN */ = {
			isa = PBXNativeTarget;
			buildConfigurationList = 4CD4EBA42195D59500373361 /* Build configuration list for PBXNativeTarget "TestFBSDKLOGIN" */;
			buildPhases = (
				E2DAEB3B86A04110F59D5894 /* [CP] Check Pods Manifest.lock */,
				4CD4EB8E2195D59200373361 /* Sources */,
				4CD4EB8F2195D59200373361 /* Frameworks */,
				4CD4EB902195D59200373361 /* Resources */,
				D5DE0442234579E2DAD0CB7D /* [CP] Embed Pods Frameworks */,
			);
			buildRules = (
			);
			dependencies = (
			);
			name = TestFBSDKLOGIN;
			productName = TestFBSDKLOGIN;
			productReference = 4CD4EB922195D59200373361 /* TestFBSDKLOGIN.app */;
			productType = "com.apple.product-type.application";
		};
/* End PBXNativeTarget section */

/* Begin PBXProject section */
		4CD4EB8A2195D59200373361 /* Project object */ = {
			isa = PBXProject;
			attributes = {
				LastSwiftUpdateCheck = 0940;
				LastUpgradeCheck = 0940;
				ORGANIZATIONNAME = vamshi;
				TargetAttributes = {
					4CD4EB912195D59200373361 = {
						CreatedOnToolsVersion = 9.4.1;
					};
				};
			};
			buildConfigurationList = 4CD4EB8D2195D59200373361 /* Build configuration list for PBXProject "TestFBSDKLOGIN" */;
			compatibilityVersion = "Xcode 9.3";
			developmentRegion = en;
			hasScannedForEncodings = 0;
			knownRegions = (
				en,
				Base,
			);
			mainGroup = 4CD4EB892195D59200373361;
			productRefGroup = 4CD4EB932195D59200373361 /* Products */;
			projectDirPath = "";
			projectRoot = "";
			targets = (
				4CD4EB912195D59200373361 /* TestFBSDKLOGIN */,
			);
		};
/* End PBXProject section */

/* Begin PBXResourcesBuildPhase section */
		4CD4EB902195D59200373361 /* Resources */ = {
			isa = PBXResourcesBuildPhase;
			buildActionMask = 2147483647;
			files = (
				4CD4EBA02195D59500373361 /* LaunchScreen.storyboard in Resources */,
				4CD4EB9D2195D59500373361 /* Assets.xcassets in Resources */,
				4CD4EB9B2195D59200373361 /* Main.storyboard in Resources */,
			);
			runOnlyForDeploymentPostprocessing = 0;
		};
/* End PBXResourcesBuildPhase section */

/* Begin PBXShellScriptBuildPhase section */
		D5DE0442234579E2DAD0CB7D /* [CP] Embed Pods Frameworks */ = {
			isa = PBXShellScriptBuildPhase;
			buildActionMask = 2147483647;
			files = (
			);
			inputFileListPaths = (
			);
			inputPaths = (
				"${SRCROOT}/Pods/Target Support Files/Pods-TestFBSDKLOGIN/Pods-TestFBSDKLOGIN-frameworks.sh",
				"${BUILT_PRODUCTS_DIR}/Bolts/Bolts.framework",
				"${BUILT_PRODUCTS_DIR}/FBSDKCoreKit/FBSDKCoreKit.framework",
				"${BUILT_PRODUCTS_DIR}/FBSDKLoginKit/FBSDKLoginKit.framework",
				"${BUILT_PRODUCTS_DIR}/FBSDKShareKit/FBSDKShareKit.framework",
				"${BUILT_PRODUCTS_DIR}/FacebookCore/FacebookCore.framework",
				"${BUILT_PRODUCTS_DIR}/FacebookLogin/FacebookLogin.framework",
			);
			name = "[CP] Embed Pods Frameworks";
			outputFileListPaths = (
			);
			outputPaths = (
				"${TARGET_BUILD_DIR}/${FRAMEWORKS_FOLDER_PATH}/Bolts.framework",
				"${TARGET_BUILD_DIR}/${FRAMEWORKS_FOLDER_PATH}/FBSDKCoreKit.framework",
				"${TARGET_BUILD_DIR}/${FRAMEWORKS_FOLDER_PATH}/FBSDKLoginKit.framework",
				"${TARGET_BUILD_DIR}/${FRAMEWORKS_FOLDER_PATH}/FBSDKShareKit.framework",
				"${TARGET_BUILD_DIR}/${FRAMEWORKS_FOLDER_PATH}/FacebookCore.framework",
				"${TARGET_BUILD_DIR}/${FRAMEWORKS_FOLDER_PATH}/FacebookLogin.framework",
			);
			runOnlyForDeploymentPostprocessing = 0;
			shellPath = /bin/sh;
			shellScript = "\"${SRCROOT}/Pods/Target Support Files/Pods-TestFBSDKLOGIN/Pods-TestFBSDKLOGIN-frameworks.sh\"\n";
			showEnvVarsInLog = 0;
		};
		E2DAEB3B86A04110F59D5894 /* [CP] Check Pods Manifest.lock */ = {
			isa = PBXShellScriptBuildPhase;
			buildActionMask = 2147483647;
			files = (
			);
			inputFileListPaths = (
			);
			inputPaths = (
				"${PODS_PODFILE_DIR_PATH}/Podfile.lock",
				"${PODS_ROOT}/Manifest.lock",
			);
			name = "[CP] Check Pods Manifest.lock";
			outputFileListPaths = (
			);
			outputPaths = (
				"$(DERIVED_FILE_DIR)/Pods-TestFBSDKLOGIN-checkManifestLockResult.txt",
			);
			runOnlyForDeploymentPostprocessing = 0;
			shellPath = /bin/sh;
			shellScript = "diff \"${PODS_PODFILE_DIR_PATH}/Podfile.lock\" \"${PODS_ROOT}/Manifest.lock\" > /dev/null\nif [ $? != 0 ] ; then\n    # print error to STDERR\n    echo \"error: The sandbox is not in sync with the Podfile.lock. Run 'pod install' or update your CocoaPods installation.\" >&2\n    exit 1\nfi\n# This output is used by Xcode 'outputs' to avoid re-running this script phase.\necho \"SUCCESS\" > \"${SCRIPT_OUTPUT_FILE_0}\"\n";
			showEnvVarsInLog = 0;
		};
/* End PBXShellScriptBuildPhase section */

/* Begin PBXSourcesBuildPhase section */
		4CD4EB8E2195D59200373361 /* Sources */ = {
			isa = PBXSourcesBuildPhase;
			buildActionMask = 2147483647;
			files = (
				4CD4EB982195D59200373361 /* ViewController.swift in Sources */,
				4CD4EB962195D59200373361 /* AppDelegate.swift in Sources */,
			);
			runOnlyForDeploymentPostprocessing = 0;
		};
/* End PBXSourcesBuildPhase section */

/* Begin PBXVariantGroup section */
		4CD4EB992195D59200373361 /* Main.storyboard */ = {
			isa = PBXVariantGroup;
			children = (
				4CD4EB9A2195D59200373361 /* Base */,
			);
			name = Main.storyboard;
			sourceTree = "<group>";
		};
		4CD4EB9E2195D59500373361 /* LaunchScreen.storyboard */ = {
			isa = PBXVariantGroup;
			children = (
				4CD4EB9F2195D59500373361 /* Base */,
			);
			name = LaunchScreen.storyboard;
			sourceTree = "<group>";
		};
/* End PBXVariantGroup section */

/* Begin XCBuildConfiguration section */
		4CD4EBA22195D59500373361 /* Debug */ = {
			isa = XCBuildConfiguration;
			buildSettings = {
				ALWAYS_SEARCH_USER_PATHS = NO;
				CLANG_ANALYZER_NONNULL = YES;
				CLANG_ANALYZER_NUMBER_OBJECT_CONVERSION = YES_AGGRESSIVE;
				CLANG_CXX_LANGUAGE_STANDARD = "gnu++14";
				CLANG_CXX_LIBRARY = "libc++";
				CLANG_ENABLE_MODULES = YES;
				CLANG_ENABLE_OBJC_ARC = YES;
				CLANG_ENABLE_OBJC_WEAK = YES;
				CLANG_WARN_BLOCK_CAPTURE_AUTORELEASING = YES;
				CLANG_WARN_BOOL_CONVERSION = YES;
				CLANG_WARN_COMMA = YES;
				CLANG_WARN_CONSTANT_CONVERSION = YES;
				CLANG_WARN_DEPRECATED_OBJC_IMPLEMENTATIONS = YES;
				CLANG_WARN_DIRECT_OBJC_ISA_USAGE = YES_ERROR;
				CLANG_WARN_DOCUMENTATION_COMMENTS = YES;
				CLANG_WARN_EMPTY_BODY = YES;
				CLANG_WARN_ENUM_CONVERSION = YES;
				CLANG_WARN_INFINITE_RECURSION = YES;
				CLANG_WARN_INT_CONVERSION = YES;
				CLANG_WARN_NON_LITERAL_NULL_CONVERSION = YES;
				CLANG_WARN_OBJC_IMPLICIT_RETAIN_SELF = YES;
				CLANG_WARN_OBJC_LITERAL_CONVERSION = YES;
				CLANG_WARN_OBJC_ROOT_CLASS = YES_ERROR;
				CLANG_WARN_RANGE_LOOP_ANALYSIS = YES;
				CLANG_WARN_STRICT_PROTOTYPES = YES;
				CLANG_WARN_SUSPICIOUS_MOVE = YES;
				CLANG_WARN_UNGUARDED_AVAILABILITY = YES_AGGRESSIVE;
				CLANG_WARN_UNREACHABLE_CODE = YES;
				CLANG_WARN__DUPLICATE_METHOD_MATCH = YES;
				CODE_SIGN_IDENTITY = "iPhone Developer";
				COPY_PHASE_STRIP = NO;
				DEBUG_INFORMATION_FORMAT = dwarf;
				ENABLE_STRICT_OBJC_MSGSEND = YES;
				ENABLE_TESTABILITY = YES;
				GCC_C_LANGUAGE_STANDARD = gnu11;
				GCC_DYNAMIC_NO_PIC = NO;
				GCC_NO_COMMON_BLOCKS = YES;
				GCC_OPTIMIZATION_LEVEL = 0;
				GCC_PREPROCESSOR_DEFINITIONS = (
					"DEBUG=1",
					"$(inherited)",
				);
				GCC_WARN_64_TO_32_BIT_CONVERSION = YES;
				GCC_WARN_ABOUT_RETURN_TYPE = YES_ERROR;
				GCC_WARN_UNDECLARED_SELECTOR = YES;
				GCC_WARN_UNINITIALIZED_AUTOS = YES_AGGRESSIVE;
				GCC_WARN_UNUSED_FUNCTION = YES;
				GCC_WARN_UNUSED_VARIABLE = YES;
				IPHONEOS_DEPLOYMENT_TARGET = 11.4;
				MTL_ENABLE_DEBUG_INFO = YES;
				ONLY_ACTIVE_ARCH = YES;
				SDKROOT = iphoneos;
				SWIFT_ACTIVE_COMPILATION_CONDITIONS = DEBUG;
				SWIFT_OPTIMIZATION_LEVEL = "-Onone";
			};
			name = Debug;
		};
		4CD4EBA32195D59500373361 /* Release */ = {
			isa = XCBuildConfiguration;
			buildSettings = {
				ALWAYS_SEARCH_USER_PATHS = NO;
				CLANG_ANALYZER_NONNULL = YES;
				CLANG_ANALYZER_NUMBER_OBJECT_CONVERSION = YES_AGGRESSIVE;
				CLANG_CXX_LANGUAGE_STANDARD = "gnu++14";
				CLANG_CXX_LIBRARY = "libc++";
				CLANG_ENABLE_MODULES = YES;
				CLANG_ENABLE_OBJC_ARC = YES;
				CLANG_ENABLE_OBJC_WEAK = YES;
				CLANG_WARN_BLOCK_CAPTURE_AUTORELEASING = YES;
				CLANG_WARN_BOOL_CONVERSION = YES;
				CLANG_WARN_COMMA = YES;
				CLANG_WARN_CONSTANT_CONVERSION = YES;
				CLANG_WARN_DEPRECATED_OBJC_IMPLEMENTATIONS = YES;
				CLANG_WARN_DIRECT_OBJC_ISA_USAGE = YES_ERROR;
				CLANG_WARN_DOCUMENTATION_COMMENTS = YES;
				CLANG_WARN_EMPTY_BODY = YES;
				CLANG_WARN_ENUM_CONVERSION = YES;
				CLANG_WARN_INFINITE_RECURSION = YES;
				CLANG_WARN_INT_CONVERSION = YES;
				CLANG_WARN_NON_LITERAL_NULL_CONVERSION = YES;
				CLANG_WARN_OBJC_IMPLICIT_RETAIN_SELF = YES;
				CLANG_WARN_OBJC_LITERAL_CONVERSION = YES;
				CLANG_WARN_OBJC_ROOT_CLASS = YES_ERROR;
				CLANG_WARN_RANGE_LOOP_ANALYSIS = YES;
				CLANG_WARN_STRICT_PROTOTYPES = YES;
				CLANG_WARN_SUSPICIOUS_MOVE = YES;
				CLANG_WARN_UNGUARDED_AVAILABILITY = YES_AGGRESSIVE;
				CLANG_WARN_UNREACHABLE_CODE = YES;
				CLANG_WARN__DUPLICATE_METHOD_MATCH = YES;
				CODE_SIGN_IDENTITY = "iPhone Developer";
				COPY_PHASE_STRIP = NO;
				DEBUG_INFORMATION_FORMAT = "dwarf-with-dsym";
				ENABLE_NS_ASSERTIONS = NO;
				ENABLE_STRICT_OBJC_MSGSEND = YES;
				GCC_C_LANGUAGE_STANDARD = gnu11;
				GCC_NO_COMMON_BLOCKS = YES;
				GCC_WARN_64_TO_32_BIT_CONVERSION = YES;
				GCC_WARN_ABOUT_RETURN_TYPE = YES_ERROR;
				GCC_WARN_UNDECLARED_SELECTOR = YES;
				GCC_WARN_UNINITIALIZED_AUTOS = YES_AGGRESSIVE;
				GCC_WARN_UNUSED_FUNCTION = YES;
				GCC_WARN_UNUSED_VARIABLE = YES;
				IPHONEOS_DEPLOYMENT_TARGET = 11.4;
				MTL_ENABLE_DEBUG_INFO = NO;
				SDKROOT = iphoneos;
				SWIFT_COMPILATION_MODE = wholemodule;
				SWIFT_OPTIMIZATION_LEVEL = "-O";
				VALIDATE_PRODUCT = YES;
			};
			name = Release;
		};
		4CD4EBA52195D59500373361 /* Debug */ = {
			isa = XCBuildConfiguration;
			baseConfigurationReference = 70D30E4557B1243506480003 /* Pods-TestFBSDKLOGIN.debug.xcconfig */;
			buildSettings = {
				ASSETCATALOG_COMPILER_APPICON_NAME = AppIcon;
				CODE_SIGN_STYLE = Automatic;
				INFOPLIST_FILE = TestFBSDKLOGIN/Info.plist;
				LD_RUNPATH_SEARCH_PATHS = (
					"$(inherited)",
					"@executable_path/Frameworks",
				);
				PRODUCT_BUNDLE_IDENTIFIER = com.quventix.TestFBSDKLOGIN;
				PRODUCT_NAME = "$(TARGET_NAME)";
				SWIFT_VERSION = 4.0;
				TARGETED_DEVICE_FAMILY = "1,2";
			};
			name = Debug;
		};
		4CD4EBA62195D59500373361 /* Release */ = {
			isa = XCBuildConfiguration;
			baseConfigurationReference = C2F35D240A04C5894A0A6D76 /* Pods-TestFBSDKLOGIN.release.xcconfig */;
			buildSettings = {
				ASSETCATALOG_COMPILER_APPICON_NAME = AppIcon;
				CODE_SIGN_STYLE = Automatic;
				INFOPLIST_FILE = TestFBSDKLOGIN/Info.plist;
				LD_RUNPATH_SEARCH_PATHS = (
					"$(inherited)",
					"@executable_path/Frameworks",
				);
				PRODUCT_BUNDLE_IDENTIFIER = com.quventix.TestFBSDKLOGIN;
				PRODUCT_NAME = "$(TARGET_NAME)";
				SWIFT_VERSION = 4.0;
				TARGETED_DEVICE_FAMILY = "1,2";
			};
			name = Release;
		};
/* End XCBuildConfiguration section */

/* Begin XCConfigurationList section */
		4CD4EB8D2195D59200373361 /* Build configuration list for PBXProject "TestFBSDKLOGIN" */ = {
			isa = XCConfigurationList;
			buildConfigurations = (
				4CD4EBA22195D59500373361 /* Debug */,
				4CD4EBA32195D59500373361 /* Release */,
			);
			defaultConfigurationIsVisible = 0;
			defaultConfigurationName = Release;
		};
		4CD4EBA42195D59500373361 /* Build configuration list for PBXNativeTarget "TestFBSDKLOGIN" */ = {
			isa = XCConfigurationList;
			buildConfigurations = (
				4CD4EBA52195D59500373361 /* Debug */,
				4CD4EBA62195D59500373361 /* Release */,
			);
			defaultConfigurationIsVisible = 0;
			defaultConfigurationName = Release;
		};
/* End XCConfigurationList section */
	};
	rootObject = 4CD4EB8A2195D59200373361 /* Project object */;
}
